
Microsoft Visual Studio Solution File, Format Version 12.00
# Visual Studio 14
VisualStudioVersion = 14.0.25420.1
MinimumVisualStudioVersion = 10.0.40219.1
Project("{FAE04EC0-301F-11D3-BF4B-00C04F79EFBC}") = "website", "website\website.csproj", "{BB722A23-0884-497C-8E65-BE526B47023C}"
EndProject
Project("{FAE04EC0-301F-11D3-BF4B-00C04F79EFBC}") = "Data", "Data\Data.csproj", "{C3743254-D8A7-4392-AE69-BD9D8575C663}"
EndProject
Project("{FAE04EC0-301F-11D3-BF4B-00C04F79EFBC}") = "Services", "Services\Services.csproj", "{776A9573-85F2-4BB0-9534-BEB4DE028A90}"
	ProjectSection(ProjectDependencies) = postProject
		{C3743254-D8A7-4392-AE69-BD9D8575C663} = {C3743254-D8A7-4392-AE69-BD9D8575C663}
	EndProjectSection
EndProject
Project("{FAE04EC0-301F-11D3-BF4B-00C04F79EFBC}") = "Desktop", "Desktop\Desktop.csproj", "{00444983-F6F2-4044-B39B-2387DA39480F}"
EndProject
Global
	GlobalSection(SolutionConfigurationPlatforms) = preSolution
		Debug|Any CPU = Debug|Any CPU
		Release|Any CPU = Release|Any CPU
	EndGlobalSection
	GlobalSection(ProjectConfigurationPlatforms) = postSolution
		{BB722A23-0884-497C-8E65-BE526B47023C}.Debug|Any CPU.ActiveCfg = Debug|Any CPU
		{BB722A23-0884-497C-8E65-BE526B47023C}.Debug|Any CPU.Build.0 = Debug|Any CPU
		{BB722A23-0884-497C-8E65-BE526B47023C}.Release|Any CPU.ActiveCfg = Release|Any CPU
		{BB722A23-0884-497C-8E65-BE526B47023C}.Release|Any CPU.Build.0 = Release|Any CPU
		{C3743254-D8A7-4392-AE69-BD9D8575C663}.Debug|Any CPU.ActiveCfg = Debug|Any CPU
		{C3743254-D8A7-4392-AE69-BD9D8575C663}.Debug|Any CPU.Build.0 = Debug|Any CPU
		{C3743254-D8A7-4392-AE69-BD9D8575C663}.Release|Any CPU.ActiveCfg = Release|Any CPU
		{C3743254-D8A7-4392-AE69-BD9D8575C663}.Release|Any CPU.Build.0 = Release|Any CPU
		{776A9573-85F2-4BB0-9534-BEB4DE028A90}.Debug|Any CPU.ActiveCfg = Debug|Any CPU
		{776A9573-85F2-4BB0-9534-BEB4DE028A90}.Debug|Any CPU.Build.0 = Debug|Any CPU
		{776A9573-85F2-4BB0-9534-BEB4DE028A90}.Release|Any CPU.ActiveCfg = Release|Any CPU
		{776A9573-85F2-4BB0-9534-BEB4DE028A90}.Release|Any CPU.Build.0 = Release|Any CPU
		{00444983-F6F2-4044-B39B-2387DA39480F}.Debug|Any CPU.ActiveCfg = Debug|Any CPU
		{00444983-F6F2-4044-B39B-2387DA39480F}.Debug|Any CPU.Build.0 = Debug|Any CPU
		{00444983-F6F2-4044-B39B-2387DA39480F}.Release|Any CPU.ActiveCfg = Release|Any CPU
		{00444983-F6F2-4044-B39B-2387DA39480F}.Release|Any CPU.Build.0 = Release|Any CPU
	EndGlobalSection
	GlobalSection(SolutionProperties) = preSolution
		HideSolutionNode = FALSE
	EndGlobalSection
EndGlobal
